// !$*UTF8*$!
{
	archiveVersion = 1;
	classes = {
	};
	objectVersion = 46;
	objects = {

/* Begin PBXBuildFile section */
		AE87EFFE1AFCD92B00C13978 /* PickerViewController.m in Sources */ = {isa = PBXBuildFile; fileRef = AE87EFFD1AFCD92B00C13978 /* PickerViewController.m */; };
		AE87F0011AFCFCC100C13978 /* ActivityIndicatorViewController.m in Sources */ = {isa = PBXBuildFile; fileRef = AE87F0001AFCFCC100C13978 /* ActivityIndicatorViewController.m */; };
		FBB671911AEEB0F900B74B83 /* main.m in Sources */ = {isa = PBXBuildFile; fileRef = FBB671901AEEB0F900B74B83 /* main.m */; };
		FBB671941AEEB0F900B74B83 /* AppDelegate.m in Sources */ = {isa = PBXBuildFile; fileRef = FBB671931AEEB0F900B74B83 /* AppDelegate.m */; };
		FBB671971AEEB0F900B74B83 /* ViewController.m in Sources */ = {isa = PBXBuildFile; fileRef = FBB671961AEEB0F900B74B83 /* ViewController.m */; };
		FBB6719A1AEEB0F900B74B83 /* Main.storyboard in Resources */ = {isa = PBXBuildFile; fileRef = FBB671981AEEB0F900B74B83 /* Main.storyboard */; };
		FBB6719C1AEEB0F900B74B83 /* Images.xcassets in Resources */ = {isa = PBXBuildFile; fileRef = FBB6719B1AEEB0F900B74B83 /* Images.xcassets */; };
		FBB6719F1AEEB0F900B74B83 /* LaunchScreen.xib in Resources */ = {isa = PBXBuildFile; fileRef = FBB6719D1AEEB0F900B74B83 /* LaunchScreen.xib */; };
		FBB671AB1AEEB0F900B74B83 /* ClassAssignment10_UserInterfaceInspectorTests.m in Sources */ = {isa = PBXBuildFile; fileRef = FBB671AA1AEEB0F900B74B83 /* ClassAssignment10_UserInterfaceInspectorTests.m */; };
		FBB671B61AEEB4AE00B74B83 /* ControllersListTableViewController.m in Sources */ = {isa = PBXBuildFile; fileRef = FBB671B51AEEB4AE00B74B83 /* ControllersListTableViewController.m */; };
		FBB671B91AEEB6FA00B74B83 /* DatePickerViewController.m in Sources */ = {isa = PBXBuildFile; fileRef = FBB671B81AEEB6FA00B74B83 /* DatePickerViewController.m */; };
		FBB671BC1AEEB92700B74B83 /* SegmentControlViewController.m in Sources */ = {isa = PBXBuildFile; fileRef = FBB671BB1AEEB92700B74B83 /* SegmentControlViewController.m */; };
/* End PBXBuildFile section */

/* Begin PBXContainerItemProxy section */
		FBB671A51AEEB0F900B74B83 /* PBXContainerItemProxy */ = {
			isa = PBXContainerItemProxy;
			containerPortal = FBB671831AEEB0F900B74B83 /* Project object */;
			proxyType = 1;
			remoteGlobalIDString = FBB6718A1AEEB0F900B74B83;
			remoteInfo = ClassAssignment10_UserInterfaceInspector;
		};
/* End PBXContainerItemProxy section */

/* Begin PBXFileReference section */
		AE87EFFC1AFCD92B00C13978 /* PickerViewController.h */ = {isa = PBXFileReference; fileEncoding = 4; lastKnownFileType = sourcecode.c.h; path = PickerViewController.h; sourceTree = "<group>"; };
		AE87EFFD1AFCD92B00C13978 /* PickerViewController.m */ = {isa = PBXFileReference; fileEncoding = 4; lastKnownFileType = sourcecode.c.objc; path = PickerViewController.m; sourceTree = "<group>"; };
		AE87EFFF1AFCFCC100C13978 /* ActivityIndicatorViewController.h */ = {isa = PBXFileReference; fileEncoding = 4; lastKnownFileType = sourcecode.c.h; path = ActivityIndicatorViewController.h; sourceTree = "<group>"; };
		AE87F0001AFCFCC100C13978 /* ActivityIndicatorViewController.m */ = {isa = PBXFileReference; fileEncoding = 4; lastKnownFileType = sourcecode.c.objc; path = ActivityIndicatorViewController.m; sourceTree = "<group>"; };
		FBB6718B1AEEB0F900B74B83 /* ClassAssignment10_UserInterfaceInspector.app */ = {isa = PBXFileReference; explicitFileType = wrapper.application; includeInIndex = 0; path = ClassAssignment10_UserInterfaceInspector.app; sourceTree = BUILT_PRODUCTS_DIR; };
		FBB6718F1AEEB0F900B74B83 /* Info.plist */ = {isa = PBXFileReference; lastKnownFileType = text.plist.xml; path = Info.plist; sourceTree = "<group>"; };
		FBB671901AEEB0F900B74B83 /* main.m */ = {isa = PBXFileReference; lastKnownFileType = sourcecode.c.objc; path = main.m; sourceTree = "<group>"; };
		FBB671921AEEB0F900B74B83 /* AppDelegate.h */ = {isa = PBXFileReference; lastKnownFileType = sourcecode.c.h; path = AppDelegate.h; sourceTree = "<group>"; };
		FBB671931AEEB0F900B74B83 /* AppDelegate.m */ = {isa = PBXFileReference; lastKnownFileType = sourcecode.c.objc; path = AppDelegate.m; sourceTree = "<group>"; };
		FBB671951AEEB0F900B74B83 /* ViewController.h */ = {isa = PBXFileReference; lastKnownFileType = sourcecode.c.h; path = ViewController.h; sourceTree = "<group>"; };
		FBB671961AEEB0F900B74B83 /* ViewController.m */ = {isa = PBXFileReference; lastKnownFileType = sourcecode.c.objc; path = ViewController.m; sourceTree = "<group>"; };
		FBB671991AEEB0F900B74B83 /* Base */ = {isa = PBXFileReference; lastKnownFileType = file.storyboard; name = Base; path = Base.lproj/Main.storyboard; sourceTree = "<group>"; };
		FBB6719B1AEEB0F900B74B83 /* Images.xcassets */ = {isa = PBXFileReference; lastKnownFileType = folder.assetcatalog; path = Images.xcassets; sourceTree = "<group>"; };
		FBB6719E1AEEB0F900B74B83 /* Base */ = {isa = PBXFileReference; lastKnownFileType = file.xib; name = Base; path = Base.lproj/LaunchScreen.xib; sourceTree = "<group>"; };
		FBB671A41AEEB0F900B74B83 /* ClassAssignment10_UserInterfaceInspectorTests.xctest */ = {isa = PBXFileReference; explicitFileType = wrapper.cfbundle; includeInIndex = 0; path = ClassAssignment10_UserInterfaceInspectorTests.xctest; sourceTree = BUILT_PRODUCTS_DIR; };
		FBB671A91AEEB0F900B74B83 /* Info.plist */ = {isa = PBXFileReference; lastKnownFileType = text.plist.xml; path = Info.plist; sourceTree = "<group>"; };
		FBB671AA1AEEB0F900B74B83 /* ClassAssignment10_UserInterfaceInspectorTests.m */ = {isa = PBXFileReference; lastKnownFileType = sourcecode.c.objc; path = ClassAssignment10_UserInterfaceInspectorTests.m; sourceTree = "<group>"; };
		FBB671B41AEEB4AE00B74B83 /* ControllersListTableViewController.h */ = {isa = PBXFileReference; fileEncoding = 4; lastKnownFileType = sourcecode.c.h; path = ControllersListTableViewController.h; sourceTree = "<group>"; };
		FBB671B51AEEB4AE00B74B83 /* ControllersListTableViewController.m */ = {isa = PBXFileReference; fileEncoding = 4; lastKnownFileType = sourcecode.c.objc; path = ControllersListTableViewController.m; sourceTree = "<group>"; };
		FBB671B71AEEB6FA00B74B83 /* DatePickerViewController.h */ = {isa = PBXFileReference; fileEncoding = 4; lastKnownFileType = sourcecode.c.h; path = DatePickerViewController.h; sourceTree = "<group>"; };
		FBB671B81AEEB6FA00B74B83 /* DatePickerViewController.m */ = {isa = PBXFileReference; fileEncoding = 4; lastKnownFileType = sourcecode.c.objc; path = DatePickerViewController.m; sourceTree = "<group>"; };
		FBB671BA1AEEB92700B74B83 /* SegmentControlViewController.h */ = {isa = PBXFileReference; fileEncoding = 4; lastKnownFileType = sourcecode.c.h; path = SegmentControlViewController.h; sourceTree = "<group>"; };
		FBB671BB1AEEB92700B74B83 /* SegmentControlViewController.m */ = {isa = PBXFileReference; fileEncoding = 4; lastKnownFileType = sourcecode.c.objc; path = SegmentControlViewController.m; sourceTree = "<group>"; };
/* End PBXFileReference section */

/* Begin PBXFrameworksBuildPhase section */
		FBB671881AEEB0F900B74B83 /* Frameworks */ = {
			isa = PBXFrameworksBuildPhase;
			buildActionMask = 2147483647;
			files = (
			);
			runOnlyForDeploymentPostprocessing = 0;
		};
		FBB671A11AEEB0F900B74B83 /* Frameworks */ = {
			isa = PBXFrameworksBuildPhase;
			buildActionMask = 2147483647;
			files = (
			);
			runOnlyForDeploymentPostprocessing = 0;
		};
/* End PBXFrameworksBuildPhase section */

/* Begin PBXGroup section */
		FBB671821AEEB0F900B74B83 = {
			isa = PBXGroup;
			children = (
				FBB6718D1AEEB0F900B74B83 /* ClassAssignment10_UserInterfaceInspector */,
				FBB671A71AEEB0F900B74B83 /* ClassAssignment10_UserInterfaceInspectorTests */,
				FBB6718C1AEEB0F900B74B83 /* Products */,
			);
			sourceTree = "<group>";
		};
		FBB6718C1AEEB0F900B74B83 /* Products */ = {
			isa = PBXGroup;
			children = (
				FBB6718B1AEEB0F900B74B83 /* ClassAssignment10_UserInterfaceInspector.app */,
				FBB671A41AEEB0F900B74B83 /* ClassAssignment10_UserInterfaceInspectorTests.xctest */,
			);
			name = Products;
			sourceTree = "<group>";
		};
		FBB6718D1AEEB0F900B74B83 /* ClassAssignment10_UserInterfaceInspector */ = {
			isa = PBXGroup;
			children = (
				FBB671921AEEB0F900B74B83 /* AppDelegate.h */,
				FBB671931AEEB0F900B74B83 /* AppDelegate.m */,
				FBB671951AEEB0F900B74B83 /* ViewController.h */,
				FBB671961AEEB0F900B74B83 /* ViewController.m */,
				FBB671981AEEB0F900B74B83 /* Main.storyboard */,
				FBB6719B1AEEB0F900B74B83 /* Images.xcassets */,
				FBB6719D1AEEB0F900B74B83 /* LaunchScreen.xib */,
				FBB6718E1AEEB0F900B74B83 /* Supporting Files */,
				FBB671B41AEEB4AE00B74B83 /* ControllersListTableViewController.h */,
				FBB671B51AEEB4AE00B74B83 /* ControllersListTableViewController.m */,
				FBB671B71AEEB6FA00B74B83 /* DatePickerViewController.h */,
				FBB671B81AEEB6FA00B74B83 /* DatePickerViewController.m */,
				FBB671BA1AEEB92700B74B83 /* SegmentControlViewController.h */,
				FBB671BB1AEEB92700B74B83 /* SegmentControlViewController.m */,
				AE87EFFC1AFCD92B00C13978 /* PickerViewController.h */,
				AE87EFFD1AFCD92B00C13978 /* PickerViewController.m */,
				AE87EFFF1AFCFCC100C13978 /* ActivityIndicatorViewController.h */,
				AE87F0001AFCFCC100C13978 /* ActivityIndicatorViewController.m */,
			);
			path = ClassAssignment10_UserInterfaceInspector;
			sourceTree = "<group>";
		};
		FBB6718E1AEEB0F900B74B83 /* Supporting Files */ = {
			isa = PBXGroup;
			children = (
				FBB6718F1AEEB0F900B74B83 /* Info.plist */,
				FBB671901AEEB0F900B74B83 /* main.m */,
			);
			name = "Supporting Files";
			sourceTree = "<group>";
		};
		FBB671A71AEEB0F900B74B83 /* ClassAssignment10_UserInterfaceInspectorTests */ = {
			isa = PBXGroup;
			children = (
				FBB671AA1AEEB0F900B74B83 /* ClassAssignment10_UserInterfaceInspectorTests.m */,
				FBB671A81AEEB0F900B74B83 /* Supporting Files */,
			);
			path = ClassAssignment10_UserInterfaceInspectorTests;
			sourceTree = "<group>";
		};
		FBB671A81AEEB0F900B74B83 /* Supporting Files */ = {
			isa = PBXGroup;
			children = (
				FBB671A91AEEB0F900B74B83 /* Info.plist */,
			);
			name = "Supporting Files";
			sourceTree = "<group>";
		};
/* End PBXGroup section */

/* Begin PBXNativeTarget section */
		FBB6718A1AEEB0F900B74B83 /* ClassAssignment10_UserInterfaceInspector */ = {
			isa = PBXNativeTarget;
			buildConfigurationList = FBB671AE1AEEB0F900B74B83 /* Build configuration list for PBXNativeTarget "ClassAssignment10_UserInterfaceInspector" */;
			buildPhases = (
				FBB671871AEEB0F900B74B83 /* Sources */,
				FBB671881AEEB0F900B74B83 /* Frameworks */,
				FBB671891AEEB0F900B74B83 /* Resources */,
			);
			buildRules = (
			);
			dependencies = (
			);
			name = ClassAssignment10_UserInterfaceInspector;
			productName = ClassAssignment10_UserInterfaceInspector;
			productReference = FBB6718B1AEEB0F900B74B83 /* ClassAssignment10_UserInterfaceInspector.app */;
			productType = "com.apple.product-type.application";
		};
		FBB671A31AEEB0F900B74B83 /* ClassAssignment10_UserInterfaceInspectorTests */ = {
			isa = PBXNativeTarget;
			buildConfigurationList = FBB671B11AEEB0F900B74B83 /* Build configuration list for PBXNativeTarget "ClassAssignment10_UserInterfaceInspectorTests" */;
			buildPhases = (
				FBB671A01AEEB0F900B74B83 /* Sources */,
				FBB671A11AEEB0F900B74B83 /* Frameworks */,
				FBB671A21AEEB0F900B74B83 /* Resources */,
			);
			buildRules = (
			);
			dependencies = (
				FBB671A61AEEB0F900B74B83 /* PBXTargetDependency */,
			);
			name = ClassAssignment10_UserInterfaceInspectorTests;
			productName = ClassAssignment10_UserInterfaceInspectorTests;
			productReference = FBB671A41AEEB0F900B74B83 /* ClassAssignment10_UserInterfaceInspectorTests.xctest */;
			productType = "com.apple.product-type.bundle.unit-test";
		};
/* End PBXNativeTarget section */

/* Begin PBXProject section */
		FBB671831AEEB0F900B74B83 /* Project object */ = {
			isa = PBXProject;
			attributes = {
				LastUpgradeCheck = 0620;
				ORGANIZATIONNAME = MentorMate;
				TargetAttributes = {
					FBB6718A1AEEB0F900B74B83 = {
						CreatedOnToolsVersion = 6.2;
					};
					FBB671A31AEEB0F900B74B83 = {
						CreatedOnToolsVersion = 6.2;
						TestTargetID = FBB6718A1AEEB0F900B74B83;
					};
				};
			};
			buildConfigurationList = FBB671861AEEB0F900B74B83 /* Build configuration list for PBXProject "ClassAssignment10_UserInterfaceInspector" */;
			compatibilityVersion = "Xcode 3.2";
			developmentRegion = English;
			hasScannedForEncodings = 0;
			knownRegions = (
				en,
				Base,
			);
			mainGroup = FBB671821AEEB0F900B74B83;
			productRefGroup = FBB6718C1AEEB0F900B74B83 /* Products */;
			projectDirPath = "";
			projectRoot = "";
			targets = (
				FBB6718A1AEEB0F900B74B83 /* ClassAssignment10_UserInterfaceInspector */,
				FBB671A31AEEB0F900B74B83 /* ClassAssignment10_UserInterfaceInspectorTests */,
			);
		};
/* End PBXProject section */

/* Begin PBXResourcesBuildPhase section */
		FBB671891AEEB0F900B74B83 /* Resources */ = {
			isa = PBXResourcesBuildPhase;
			buildActionMask = 2147483647;
			files = (
				FBB6719A1AEEB0F900B74B83 /* Main.storyboard in Resources */,
				FBB6719F1AEEB0F900B74B83 /* LaunchScreen.xib in Resources */,
				FBB6719C1AEEB0F900B74B83 /* Images.xcassets in Resources */,
			);
			runOnlyForDeploymentPostprocessing = 0;
		};
		FBB671A21AEEB0F900B74B83 /* Resources */ = {
			isa = PBXResourcesBuildPhase;
			buildActionMask = 2147483647;
			files = (
			);
			runOnlyForDeploymentPostprocessing = 0;
		};
/* End PBXResourcesBuildPhase section */

/* Begin PBXSourcesBuildPhase section */
		FBB671871AEEB0F900B74B83 /* Sources */ = {
			isa = PBXSourcesBuildPhase;
			buildActionMask = 2147483647;
			files = (
				FBB671971AEEB0F900B74B83 /* ViewController.m in Sources */,
				FBB671B61AEEB4AE00B74B83 /* ControllersListTableViewController.m in Sources */,
				FBB671BC1AEEB92700B74B83 /* SegmentControlViewController.m in Sources */,
				FBB671941AEEB0F900B74B83 /* AppDelegate.m in Sources */,
				FBB671B91AEEB6FA00B74B83 /* DatePickerViewController.m in Sources */,
				AE87EFFE1AFCD92B00C13978 /* PickerViewController.m in Sources */,
				FBB671911AEEB0F900B74B83 /* main.m in Sources */,
				AE87F0011AFCFCC100C13978 /* ActivityIndicatorViewController.m in Sources */,
			);
			runOnlyForDeploymentPostprocessing = 0;
		};
		FBB671A01AEEB0F900B74B83 /* Sources */ = {
			isa = PBXSourcesBuildPhase;
			buildActionMask = 2147483647;
			files = (
				FBB671AB1AEEB0F900B74B83 /* ClassAssignment10_UserInterfaceInspectorTests.m in Sources */,
			);
			runOnlyForDeploymentPostprocessing = 0;
		};
/* End PBXSourcesBuildPhase section */

/* Begin PBXTargetDependency section */
		FBB671A61AEEB0F900B74B83 /* PBXTargetDependency */ = {
			isa = PBXTargetDependency;
			target = FBB6718A1AEEB0F900B74B83 /* ClassAssignment10_UserInterfaceInspector */;
			targetProxy = FBB671A51AEEB0F900B74B83 /* PBXContainerItemProxy */;
		};
/* End PBXTargetDependency section */

/* Begin PBXVariantGroup section */
		FBB671981AEEB0F900B74B83 /* Main.storyboard */ = {
			isa = PBXVariantGroup;
			children = (
				FBB671991AEEB0F900B74B83 /* Base */,
			);
			name = Main.storyboard;
			sourceTree = "<group>";
		};
		FBB6719D1AEEB0F900B74B83 /* LaunchScreen.xib */ = {
			isa = PBXVariantGroup;
			children = (
				FBB6719E1AEEB0F900B74B83 /* Base */,
			);
			name = LaunchScreen.xib;
			sourceTree = "<group>";
		};
/* End PBXVariantGroup section */

/* Begin XCBuildConfiguration section */
		FBB671AC1AEEB0F900B74B83 /* Debug */ = {
			isa = XCBuildConfiguration;
			buildSettings = {
				ALWAYS_SEARCH_USER_PATHS = NO;
				CLANG_CXX_LANGUAGE_STANDARD = "gnu++0x";
				CLANG_CXX_LIBRARY = "libc++";
				CLANG_ENABLE_MODULES = YES;
				CLANG_ENABLE_OBJC_ARC = YES;
				CLANG_WARN_BOOL_CONVERSION = YES;
				CLANG_WARN_CONSTANT_CONVERSION = YES;
				CLANG_WARN_DIRECT_OBJC_ISA_USAGE = YES_ERROR;
				CLANG_WARN_EMPTY_BODY = YES;
				CLANG_WARN_ENUM_CONVERSION = YES;
				CLANG_WARN_INT_CONVERSION = YES;
				CLANG_WARN_OBJC_ROOT_CLASS = YES_ERROR;
				CLANG_WARN_UNREACHABLE_CODE = YES;
				CLANG_WARN__DUPLICATE_METHOD_MATCH = YES;
				"CODE_SIGN_IDENTITY[sdk=iphoneos*]" = "iPhone Developer";
				COPY_PHASE_STRIP = NO;
				ENABLE_STRICT_OBJC_MSGSEND = YES;
				GCC_C_LANGUAGE_STANDARD = gnu99;
				GCC_DYNAMIC_NO_PIC = NO;
				GCC_OPTIMIZATION_LEVEL = 0;
				GCC_PREPROCESSOR_DEFINITIONS = (
					"DEBUG=1",
					"$(inherited)",
				);
				GCC_SYMBOLS_PRIVATE_EXTERN = NO;
				GCC_WARN_64_TO_32_BIT_CONVERSION = YES;
				GCC_WARN_ABOUT_RETURN_TYPE = YES_ERROR;
				GCC_WARN_UNDECLARED_SELECTOR = YES;
				GCC_WARN_UNINITIALIZED_AUTOS = YES_AGGRESSIVE;
				GCC_WARN_UNUSED_FUNCTION = YES;
				GCC_WARN_UNUSED_VARIABLE = YES;
				IPHONEOS_DEPLOYMENT_TARGET = 8.2;
				MTL_ENABLE_DEBUG_INFO = YES;
				ONLY_ACTIVE_ARCH = YES;
				SDKROOT = iphoneos;
				TARGETED_DEVICE_FAMILY = "1,2";
			};
			name = Debug;
		};
		FBB671AD1AEEB0F900B74B83 /* Release */ = {
			isa = XCBuildConfiguration;
			buildSettings = {
				ALWAYS_SEARCH_USER_PATHS = NO;
				CLANG_CXX_LANGUAGE_STANDARD = "gnu++0x";
				CLANG_CXX_LIBRARY = "libc++";
				CLANG_ENABLE_MODULES = YES;
				CLANG_ENABLE_OBJC_ARC = YES;
				CLANG_WARN_BOOL_CONVERSION = YES;
				CLANG_WARN_CONSTANT_CONVERSION = YES;
				CLANG_WARN_DIRECT_OBJC_ISA_USAGE = YES_ERROR;
				CLANG_WARN_EMPTY_BODY = YES;
				CLANG_WARN_ENUM_CONVERSION = YES;
				CLANG_WARN_INT_CONVERSION = YES;
				CLANG_WARN_OBJC_ROOT_CLASS = YES_ERROR;
				CLANG_WARN_UNREACHABLE_CODE = YES;
				CLANG_WARN__DUPLICATE_METHOD_MATCH = YES;
				"CODE_SIGN_IDENTITY[sdk=iphoneos*]" = "iPhone Developer";
				COPY_PHASE_STRIP = NO;
				ENABLE_NS_ASSERTIONS = NO;
				ENABLE_STRICT_OBJC_MSGSEND = YES;
				GCC_C_LANGUAGE_STANDARD = gnu99;
				GCC_WARN_64_TO_32_BIT_CONVERSION = YES;
				GCC_WARN_ABOUT_RETURN_TYPE = YES_ERROR;
				GCC_WARN_UNDECLARED_SELECTOR = YES;
				GCC_WARN_UNINITIALIZED_AUTOS = YES_AGGRESSIVE;
				GCC_WARN_UNUSED_FUNCTION = YES;
				GCC_WARN_UNUSED_VARIABLE = YES;
				IPHONEOS_DEPLOYMENT_TARGET = 8.2;
				MTL_ENABLE_DEBUG_INFO = NO;
				SDKROOT = iphoneos;
				TARGETED_DEVICE_FAMILY = "1,2";
				VALIDATE_PRODUCT = YES;
			};
			name = Release;
		};
		FBB671AF1AEEB0F900B74B83 /* Debug */ = {
			isa = XCBuildConfiguration;
			buildSettings = {
				ASSETCATALOG_COMPILER_APPICON_NAME = AppIcon;
				INFOPLIST_FILE = ClassAssignment10_UserInterfaceInspector/Info.plist;
				LD_RUNPATH_SEARCH_PATHS = "$(inherited) @executable_path/Frameworks";
				PRODUCT_NAME = "$(TARGET_NAME)";
			};
			name = Debug;
		};
		FBB671B01AEEB0F900B74B83 /* Release */ = {
			isa = XCBuildConfiguration;
			buildSettings = {
				ASSETCATALOG_COMPILER_APPICON_NAME = AppIcon;
				INFOPLIST_FILE = ClassAssignment10_UserInterfaceInspector/Info.plist;
				LD_RUNPATH_SEARCH_PATHS = "$(inherited) @executable_path/Frameworks";
				PRODUCT_NAME = "$(TARGET_NAME)";
			};
			name = Release;
		};
		FBB671B21AEEB0F900B74B83 /* Debug */ = {
			isa = XCBuildConfiguration;
			buildSettings = {
				BUNDLE_LOADER = "$(TEST_HOST)";
				FRAMEWORK_SEARCH_PATHS = (
					"$(SDKROOT)/Developer/Library/Frameworks",
					"$(inherited)",
				);
				GCC_PREPROCESSOR_DEFINITIONS = (
					"DEBUG=1",
					"$(inherited)",
				);
				INFOPLIST_FILE = ClassAssignment10_UserInterfaceInspectorTests/Info.plist;
				LD_RUNPATH_SEARCH_PATHS = "$(inherited) @executable_path/Frameworks @loader_path/Frameworks";
				PRODUCT_NAME = "$(TARGET_NAME)";
				TEST_HOST = "$(BUILT_PRODUCTS_DIR)/ClassAssignment10_UserInterfaceInspector.app/ClassAssignment10_UserInterfaceInspector";
			};
			name = Debug;
		};
		FBB671B31AEEB0F900B74B83 /* Release */ = {
			isa = XCBuildConfiguration;
			buildSettings = {
				BUNDLE_LOADER = "$(TEST_HOST)";
				FRAMEWORK_SEARCH_PATHS = (
					"$(SDKROOT)/Developer/Library/Frameworks",
					"$(inherited)",
				);
				INFOPLIST_FILE = ClassAssignment10_UserInterfaceInspectorTests/Info.plist;
				LD_RUNPATH_SEARCH_PATHS = "$(inherited) @executable_path/Frameworks @loader_path/Frameworks";
				PRODUCT_NAME = "$(TARGET_NAME)";
				TEST_HOST = "$(BUILT_PRODUCTS_DIR)/ClassAssignment10_UserInterfaceInspector.app/ClassAssignment10_UserInterfaceInspector";
			};
			name = Release;
		};
/* End XCBuildConfiguration section */

/* Begin XCConfigurationList section */
		FBB671861AEEB0F900B74B83 /* Build configuration list for PBXProject "ClassAssignment10_UserInterfaceInspector" */ = {
			isa = XCConfigurationList;
			buildConfigurations = (
				FBB671AC1AEEB0F900B74B83 /* Debug */,
				FBB671AD1AEEB0F900B74B83 /* Release */,
			);
			defaultConfigurationIsVisible = 0;
			defaultConfigurationName = Release;
		};
		FBB671AE1AEEB0F900B74B83 /* Build configuration list for PBXNativeTarget "ClassAssignment10_UserInterfaceInspector" */ = {
			isa = XCConfigurationList;
			buildConfigurations = (
				FBB671AF1AEEB0F900B74B83 /* Debug */,
				FBB671B01AEEB0F900B74B83 /* Release */,
			);
			defaultConfigurationIsVisible = 0;
			defaultConfigurationName = Release;
		};
		FBB671B11AEEB0F900B74B83 /* Build configuration list for PBXNativeTarget "ClassAssignment10_UserInterfaceInspectorTests" */ = {
			isa = XCConfigurationList;
			buildConfigurations = (
				FBB671B21AEEB0F900B74B83 /* Debug */,
				FBB671B31AEEB0F900B74B83 /* Release */,
			);
			defaultConfigurationIsVisible = 0;
			defaultConfigurationName = Release;
		};
/* End XCConfigurationList section */
	};
	rootObject = FBB671831AEEB0F900B74B83 /* Project object */;
}
